
Microsoft Visual Studio Solution File, Format Version 12.00
# Visual Studio Version 17
VisualStudioVersion = 17.1.32210.238
MinimumVisualStudioVersion = 10.0.40219.1
Project("{9A19103F-16F7-4668-BE54-9A1E7A4F7556}") = "aspnetapp-docker", "aspnetapp-docker.csproj", "{B9EBBD55-63A8-401C-875A-32410E0BC183}"
EndProject
Global
	GlobalSection(SolutionConfigurationPlatforms) = preSolution
		Debug|Any CPU = Debug|Any CPU
		Release|Any CPU = Release|Any CPU
	EndGlobalSection
	GlobalSection(ProjectConfigurationPlatforms) = postSolution
		{B9EBBD55-63A8-401C-875A-32410E0BC183}.Debug|Any CPU.ActiveCfg = Debug|Any CPU
		{B9EBBD55-63A8-401C-875A-32410E0BC183}.Debug|Any CPU.Build.0 = Debug|Any CPU
		{B9EBBD55-63A8-401C-875A-32410E0BC183}.Release|Any CPU.ActiveCfg = Release|Any CPU
		{B9EBBD55-63A8-401C-875A-32410E0BC183}.Release|Any CPU.Build.0 = Release|Any CPU
	EndGlobalSection
	GlobalSection(SolutionProperties) = preSolution
		HideSolutionNode = FALSE
	EndGlobalSection
	GlobalSection(ExtensibilityGlobals) = postSolution
		SolutionGuid = {CDE4C132-D9B1-43E3-A231-CB91A2C2D177}
	EndGlobalSection
EndGlobal
